{
  "name": "gejia",
  "version": "0.0.0",
  "lockfileVersion": 1,
  "requires": true,
  "dependencies": {
    "@alan-liang/utils": {
      "version": "0.1.1",
      "integrity": "sha1-mHOq3jf5k0amoYtnhuNjpWqpM5o="
    },
    "csv-parse": {
      "version": "3.1.3",
      "resolved": "https://registry.npmjs.org/csv-parse/-/csv-parse-3.1.3.tgz",
      "integrity": "sha512-fs+nzn0lU+e7uZHkY/SvEYiRT3PCvb746csfl238iUXh1D+gzzN4crzgZ7gkVDutoPWYwfrFSQaSAulSeynTlg=="
    },
    "mime": {
      "version": "2.3.1",
      "resolved": "https://registry.npmjs.org/mime/-/mime-2.3.1.tgz",
      "integrity": "sha1-sWIcVNY7l8R9PP5/chX31kUXw2k="
    }
  }
}
